
Microsoft Visual Studio Solution File, Format Version 12.00
# Visual Studio Version 16
VisualStudioVersion = 16.0.29418.71
MinimumVisualStudioVersion = 10.0.40219.1
Project("{FAE04EC0-301F-11D3-BF4B-00C04F79EFBC}") = "FinanceApp.Test", "FinanceApp.Test\FinanceApp.Test.csproj", "{780A4C5A-9768-4D70-BC05-031F3CD92F31}"
EndProject
Project("{FAE04EC0-301F-11D3-BF4B-00C04F79EFBC}") = "FinanceApp", "FinanceApp\FinanceApp.csproj", "{2DE91227-1351-4357-82C2-2ED868F7AF4F}"
EndProject
Global
	GlobalSection(SolutionConfigurationPlatforms) = preSolution
		Debug|Any CPU = Debug|Any CPU
		Release|Any CPU = Release|Any CPU
	EndGlobalSection
	GlobalSection(ProjectConfigurationPlatforms) = postSolution
		{780A4C5A-9768-4D70-BC05-031F3CD92F31}.Debug|Any CPU.ActiveCfg = Debug|Any CPU
		{780A4C5A-9768-4D70-BC05-031F3CD92F31}.Debug|Any CPU.Build.0 = Debug|Any CPU
		{780A4C5A-9768-4D70-BC05-031F3CD92F31}.Release|Any CPU.ActiveCfg = Release|Any CPU
		{780A4C5A-9768-4D70-BC05-031F3CD92F31}.Release|Any CPU.Build.0 = Release|Any CPU
		{2DE91227-1351-4357-82C2-2ED868F7AF4F}.Debug|Any CPU.ActiveCfg = Debug|Any CPU
		{2DE91227-1351-4357-82C2-2ED868F7AF4F}.Debug|Any CPU.Build.0 = Debug|Any CPU
		{2DE91227-1351-4357-82C2-2ED868F7AF4F}.Release|Any CPU.ActiveCfg = Release|Any CPU
		{2DE91227-1351-4357-82C2-2ED868F7AF4F}.Release|Any CPU.Build.0 = Release|Any CPU
	EndGlobalSection
	GlobalSection(SolutionProperties) = preSolution
		HideSolutionNode = FALSE
	EndGlobalSection
	GlobalSection(ExtensibilityGlobals) = postSolution
		SolutionGuid = {8E7E0662-ABD9-4576-88D8-20EC92AA3691}
	EndGlobalSection
EndGlobal
